
Microsoft Visual Studio Solution File, Format Version 12.00
# Visual Studio 15
VisualStudioVersion = 15.0.28307.168
MinimumVisualStudioVersion = 10.0.40219.1
Project("{FAE04EC0-301F-11D3-BF4B-00C04F79EFBC}") = "DatatableToCsv", "DatatableToCsv\DatatableToCsv.csproj", "{19272C01-C689-4F33-92F6-0C8B2B21BE68}"
EndProject
Global
	GlobalSection(SolutionConfigurationPlatforms) = preSolution
		Debug|Any CPU = Debug|Any CPU
		Release|Any CPU = Release|Any CPU
	EndGlobalSection
	GlobalSection(ProjectConfigurationPlatforms) = postSolution
		{19272C01-C689-4F33-92F6-0C8B2B21BE68}.Debug|Any CPU.ActiveCfg = Debug|Any CPU
		{19272C01-C689-4F33-92F6-0C8B2B21BE68}.Debug|Any CPU.Build.0 = Debug|Any CPU
		{19272C01-C689-4F33-92F6-0C8B2B21BE68}.Release|Any CPU.ActiveCfg = Release|Any CPU
		{19272C01-C689-4F33-92F6-0C8B2B21BE68}.Release|Any CPU.Build.0 = Release|Any CPU
	EndGlobalSection
	GlobalSection(SolutionProperties) = preSolution
		HideSolutionNode = FALSE
	EndGlobalSection
	GlobalSection(ExtensibilityGlobals) = postSolution
		SolutionGuid = {3AB0F612-E7EA-431D-B264-A6CF1A9AE3C4}
	EndGlobalSection
EndGlobal
